// !$*UTF8*$!
{
	archiveVersion = 1;
	classes = {
	};
	objectVersion = 50;
	objects = {

/* Begin PBXBuildFile section */
		AF2A13D32407A77200221A55 /* GameOverVC.swift in Sources */ = {isa = PBXBuildFile; fileRef = AF2A13D22407A77200221A55 /* GameOverVC.swift */; };
		AF4B967824065BF7007CD4A4 /* Coin.swift in Sources */ = {isa = PBXBuildFile; fileRef = AF4B967724065BF7007CD4A4 /* Coin.swift */; };
		AF5162282408D8670043E999 /* TargetNode.swift in Sources */ = {isa = PBXBuildFile; fileRef = AF5162272408D8670043E999 /* TargetNode.swift */; };
		AFCBA0512406880C000645AD /* ScoreBoard.swift in Sources */ = {isa = PBXBuildFile; fileRef = AFCBA0502406880C000645AD /* ScoreBoard.swift */; };
		AFCBA0532406929F000645AD /* Bomb.swift in Sources */ = {isa = PBXBuildFile; fileRef = AFCBA0522406929F000645AD /* Bomb.swift */; };
		AFDF0C81250A284C00E85E9A /* MapViewControllerVC.swift in Sources */ = {isa = PBXBuildFile; fileRef = AFDF0C80250A284C00E85E9A /* MapViewControllerVC.swift */; };
		AFDF0C83250A285C00E85E9A /* AppDelegat.swift in Sources */ = {isa = PBXBuildFile; fileRef = AFDF0C82250A285C00E85E9A /* AppDelegat.swift */; };
		AFDF0C85250A288D00E85E9A /* LocalNotificationManager.swift in Sources */ = {isa = PBXBuildFile; fileRef = AFDF0C84250A288D00E85E9A /* LocalNotificationManager.swift */; };
		AFDF0C87250A28BB00E85E9A /* UIApplication.swift in Sources */ = {isa = PBXBuildFile; fileRef = AFDF0C86250A28BB00E85E9A /* UIApplication.swift */; };
		AFDF0C89250A28CC00E85E9A /* Defaults.swift in Sources */ = {isa = PBXBuildFile; fileRef = AFDF0C88250A28CC00E85E9A /* Defaults.swift */; };
		AFDF0C8C250A5F5300E85E9A /* AudioPlayer.swift in Sources */ = {isa = PBXBuildFile; fileRef = AFDF0C8B250A5F5300E85E9A /* AudioPlayer.swift */; };
		AFFF56BC2404FA7E00250496 /* AppDelegate.swift in Sources */ = {isa = PBXBuildFile; fileRef = AFFF56BB2404FA7E00250496 /* AppDelegate.swift */; };
		AFFF56BE2404FA7E00250496 /* art.scnassets in Resources */ = {isa = PBXBuildFile; fileRef = AFFF56BD2404FA7E00250496 /* art.scnassets */; };
		AFFF56C02404FA7E00250496 /* GameViewController.swift in Sources */ = {isa = PBXBuildFile; fileRef = AFFF56BF2404FA7E00250496 /* GameViewController.swift */; };
		AFFF56C32404FA7E00250496 /* Main.storyboard in Resources */ = {isa = PBXBuildFile; fileRef = AFFF56C12404FA7E00250496 /* Main.storyboard */; };
		AFFF56C52404FA8100250496 /* Assets.xcassets in Resources */ = {isa = PBXBuildFile; fileRef = AFFF56C42404FA8100250496 /* Assets.xcassets */; };
		AFFF56C82404FA8100250496 /* LaunchScreen.storyboard in Resources */ = {isa = PBXBuildFile; fileRef = AFFF56C62404FA8100250496 /* LaunchScreen.storyboard */; };
		AFFF56D02405035100250496 /* FloorNode.swift in Sources */ = {isa = PBXBuildFile; fileRef = AFFF56CF2405035100250496 /* FloorNode.swift */; };
		AFFF56D224050B0900250496 /* GameView.swift in Sources */ = {isa = PBXBuildFile; fileRef = AFFF56D124050B0900250496 /* GameView.swift */; };
		AFFF56D424050BDB00250496 /* extension.swift in Sources */ = {isa = PBXBuildFile; fileRef = AFFF56D324050BDB00250496 /* extension.swift */; };
		AFFF56D624050C3200250496 /* Ship.swift in Sources */ = {isa = PBXBuildFile; fileRef = AFFF56D524050C3200250496 /* Ship.swift */; };
		AFFF56D82405223500250496 /* CameraNode.swift in Sources */ = {isa = PBXBuildFile; fileRef = AFFF56D72405223500250496 /* CameraNode.swift */; };
		AFFF56DA2405255800250496 /* LightNode.swift in Sources */ = {isa = PBXBuildFile; fileRef = AFFF56D92405255800250496 /* LightNode.swift */; };
		AFFF56DC2405282000250496 /* Fire.swift in Sources */ = {isa = PBXBuildFile; fileRef = AFFF56DB2405282000250496 /* Fire.swift */; };
		AFFF56E424052D8F00250496 /* goli.jpeg in Resources */ = {isa = PBXBuildFile; fileRef = AFFF56E324052D8F00250496 /* goli.jpeg */; };
		AFFF56E624054A9300250496 /* BulletNode.swift in Sources */ = {isa = PBXBuildFile; fileRef = AFFF56E524054A9300250496 /* BulletNode.swift */; };
/* End PBXBuildFile section */

/* Begin PBXFileReference section */
		AF2A13D22407A77200221A55 /* GameOverVC.swift */ = {isa = PBXFileReference; lastKnownFileType = sourcecode.swift; path = GameOverVC.swift; sourceTree = "<group>"; };
		AF4B967724065BF7007CD4A4 /* Coin.swift */ = {isa = PBXFileReference; lastKnownFileType = sourcecode.swift; path = Coin.swift; sourceTree = "<group>"; };
		AF5162272408D8670043E999 /* TargetNode.swift */ = {isa = PBXFileReference; lastKnownFileType = sourcecode.swift; path = TargetNode.swift; sourceTree = "<group>"; };
		AFCBA0502406880C000645AD /* ScoreBoard.swift */ = {isa = PBXFileReference; lastKnownFileType = sourcecode.swift; path = ScoreBoard.swift; sourceTree = "<group>"; };
		AFCBA0522406929F000645AD /* Bomb.swift */ = {isa = PBXFileReference; lastKnownFileType = sourcecode.swift; path = Bomb.swift; sourceTree = "<group>"; };
		AFD67718240E370D00654FE1 /* HideYello.entitlements */ = {isa = PBXFileReference; lastKnownFileType = text.plist.entitlements; path = HideYello.entitlements; sourceTree = "<group>"; };
		AFDF0C80250A284C00E85E9A /* MapViewControllerVC.swift */ = {isa = PBXFileReference; fileEncoding = 4; lastKnownFileType = sourcecode.swift; path = MapViewControllerVC.swift; sourceTree = "<group>"; };
		AFDF0C82250A285C00E85E9A /* AppDelegat.swift */ = {isa = PBXFileReference; fileEncoding = 4; lastKnownFileType = sourcecode.swift; name = AppDelegat.swift; path = ../../../../Documents/SAProjects/RXVVM/RXVVM/AppDelegat.swift; sourceTree = "<group>"; };
		AFDF0C84250A288D00E85E9A /* LocalNotificationManager.swift */ = {isa = PBXFileReference; fileEncoding = 4; lastKnownFileType = sourcecode.swift; path = LocalNotificationManager.swift; sourceTree = "<group>"; };
		AFDF0C86250A28BB00E85E9A /* UIApplication.swift */ = {isa = PBXFileReference; fileEncoding = 4; lastKnownFileType = sourcecode.swift; path = UIApplication.swift; sourceTree = "<group>"; };
		AFDF0C88250A28CC00E85E9A /* Defaults.swift */ = {isa = PBXFileReference; fileEncoding = 4; lastKnownFileType = sourcecode.swift; path = Defaults.swift; sourceTree = "<group>"; };
		AFDF0C8B250A5F5300E85E9A /* AudioPlayer.swift */ = {isa = PBXFileReference; lastKnownFileType = sourcecode.swift; path = AudioPlayer.swift; sourceTree = "<group>"; };
		AFFF56B82404FA7E00250496 /* HideYello.app */ = {isa = PBXFileReference; explicitFileType = wrapper.application; includeInIndex = 0; path = HideYello.app; sourceTree = BUILT_PRODUCTS_DIR; };
		AFFF56BB2404FA7E00250496 /* AppDelegate.swift */ = {isa = PBXFileReference; lastKnownFileType = sourcecode.swift; path = AppDelegate.swift; sourceTree = "<group>"; };
		AFFF56BD2404FA7E00250496 /* art.scnassets */ = {isa = PBXFileReference; lastKnownFileType = wrapper.scnassets; path = art.scnassets; sourceTree = "<group>"; };
		AFFF56BF2404FA7E00250496 /* GameViewController.swift */ = {isa = PBXFileReference; lastKnownFileType = sourcecode.swift; path = GameViewController.swift; sourceTree = "<group>"; };
		AFFF56C22404FA7E00250496 /* Base */ = {isa = PBXFileReference; lastKnownFileType = file.storyboard; name = Base; path = Base.lproj/Main.storyboard; sourceTree = "<group>"; };
		AFFF56C42404FA8100250496 /* Assets.xcassets */ = {isa = PBXFileReference; lastKnownFileType = folder.assetcatalog; path = Assets.xcassets; sourceTree = "<group>"; };
		AFFF56C72404FA8100250496 /* Base */ = {isa = PBXFileReference; lastKnownFileType = file.storyboard; name = Base; path = Base.lproj/LaunchScreen.storyboard; sourceTree = "<group>"; };
		AFFF56C92404FA8100250496 /* Info.plist */ = {isa = PBXFileReference; lastKnownFileType = text.plist.xml; path = Info.plist; sourceTree = "<group>"; };
		AFFF56CF2405035100250496 /* FloorNode.swift */ = {isa = PBXFileReference; fileEncoding = 4; lastKnownFileType = sourcecode.swift; path = FloorNode.swift; sourceTree = "<group>"; };
		AFFF56D124050B0900250496 /* GameView.swift */ = {isa = PBXFileReference; fileEncoding = 4; lastKnownFileType = sourcecode.swift; path = GameView.swift; sourceTree = "<group>"; };
		AFFF56D324050BDB00250496 /* extension.swift */ = {isa = PBXFileReference; lastKnownFileType = sourcecode.swift; path = extension.swift; sourceTree = "<group>"; };
		AFFF56D524050C3200250496 /* Ship.swift */ = {isa = PBXFileReference; lastKnownFileType = sourcecode.swift; path = Ship.swift; sourceTree = "<group>"; };
		AFFF56D72405223500250496 /* CameraNode.swift */ = {isa = PBXFileReference; fileEncoding = 4; lastKnownFileType = sourcecode.swift; path = CameraNode.swift; sourceTree = "<group>"; };
		AFFF56D92405255800250496 /* LightNode.swift */ = {isa = PBXFileReference; fileEncoding = 4; lastKnownFileType = sourcecode.swift; path = LightNode.swift; sourceTree = "<group>"; };
		AFFF56DB2405282000250496 /* Fire.swift */ = {isa = PBXFileReference; fileEncoding = 4; lastKnownFileType = sourcecode.swift; path = Fire.swift; sourceTree = "<group>"; };
		AFFF56E324052D8F00250496 /* goli.jpeg */ = {isa = PBXFileReference; lastKnownFileType = image.jpeg; path = goli.jpeg; sourceTree = "<group>"; };
		AFFF56E524054A9300250496 /* BulletNode.swift */ = {isa = PBXFileReference; lastKnownFileType = sourcecode.swift; path = BulletNode.swift; sourceTree = "<group>"; };
/* End PBXFileReference section */

/* Begin PBXFrameworksBuildPhase section */
		AFFF56B52404FA7E00250496 /* Frameworks */ = {
			isa = PBXFrameworksBuildPhase;
			buildActionMask = 2147483647;
			files = (
			);
			runOnlyForDeploymentPostprocessing = 0;
		};
/* End PBXFrameworksBuildPhase section */

/* Begin PBXGroup section */
		AFFF56AF2404FA7E00250496 = {
			isa = PBXGroup;
			children = (
				AFFF56BA2404FA7E00250496 /* HideYello */,
				AFFF56B92404FA7E00250496 /* Products */,
			);
			sourceTree = "<group>";
		};
		AFFF56B92404FA7E00250496 /* Products */ = {
			isa = PBXGroup;
			children = (
				AFFF56B82404FA7E00250496 /* HideYello.app */,
			);
			name = Products;
			sourceTree = "<group>";
		};
		AFFF56BA2404FA7E00250496 /* HideYello */ = {
			isa = PBXGroup;
			children = (
				AFD67718240E370D00654FE1 /* HideYello.entitlements */,
				AFDF0C84250A288D00E85E9A /* LocalNotificationManager.swift */,
				AFDF0C86250A28BB00E85E9A /* UIApplication.swift */,
				AFDF0C82250A285C00E85E9A /* AppDelegat.swift */,
				AFDF0C88250A28CC00E85E9A /* Defaults.swift */,
				AFFF56E324052D8F00250496 /* goli.jpeg */,
				AFFF56DB2405282000250496 /* Fire.swift */,
				AFFF56D92405255800250496 /* LightNode.swift */,
				AFDF0C80250A284C00E85E9A /* MapViewControllerVC.swift */,
				AFFF56D72405223500250496 /* CameraNode.swift */,
				AFFF56D124050B0900250496 /* GameView.swift */,
				AFFF56CF2405035100250496 /* FloorNode.swift */,
				AFFF56BB2404FA7E00250496 /* AppDelegate.swift */,
				AFFF56BD2404FA7E00250496 /* art.scnassets */,
				AFFF56BF2404FA7E00250496 /* GameViewController.swift */,
				AFFF56C12404FA7E00250496 /* Main.storyboard */,
				AFFF56C42404FA8100250496 /* Assets.xcassets */,
				AFFF56C62404FA8100250496 /* LaunchScreen.storyboard */,
				AFFF56C92404FA8100250496 /* Info.plist */,
				AFFF56D324050BDB00250496 /* extension.swift */,
				AFFF56D524050C3200250496 /* Ship.swift */,
				AFFF56E524054A9300250496 /* BulletNode.swift */,
				AF4B967724065BF7007CD4A4 /* Coin.swift */,
				AFCBA0502406880C000645AD /* ScoreBoard.swift */,
				AFCBA0522406929F000645AD /* Bomb.swift */,
				AF2A13D22407A77200221A55 /* GameOverVC.swift */,
				AF5162272408D8670043E999 /* TargetNode.swift */,
				AFDF0C8B250A5F5300E85E9A /* AudioPlayer.swift */,
			);
			path = HideYello;
			sourceTree = "<group>";
		};
/* End PBXGroup section */

/* Begin PBXNativeTarget section */
		AFFF56B72404FA7E00250496 /* HideYello */ = {
			isa = PBXNativeTarget;
			buildConfigurationList = AFFF56CC2404FA8100250496 /* Build configuration list for PBXNativeTarget "HideYello" */;
			buildPhases = (
				AFFF56B42404FA7E00250496 /* Sources */,
				AFFF56B52404FA7E00250496 /* Frameworks */,
				AFFF56B62404FA7E00250496 /* Resources */,
			);
			buildRules = (
			);
			dependencies = (
			);
			name = HideYello;
			productName = HideYello;
			productReference = AFFF56B82404FA7E00250496 /* HideYello.app */;
			productType = "com.apple.product-type.application";
		};
/* End PBXNativeTarget section */

/* Begin PBXProject section */
		AFFF56B02404FA7E00250496 /* Project object */ = {
			isa = PBXProject;
			attributes = {
				LastSwiftUpdateCheck = 1130;
				LastUpgradeCheck = 1130;
				ORGANIZATIONNAME = SolutionAnalysts;
				TargetAttributes = {
					AFFF56B72404FA7E00250496 = {
						CreatedOnToolsVersion = 11.3.1;
					};
				};
			};
			buildConfigurationList = AFFF56B32404FA7E00250496 /* Build configuration list for PBXProject "HideYello" */;
			compatibilityVersion = "Xcode 9.3";
			developmentRegion = en;
			hasScannedForEncodings = 0;
			knownRegions = (
				en,
				Base,
			);
			mainGroup = AFFF56AF2404FA7E00250496;
			productRefGroup = AFFF56B92404FA7E00250496 /* Products */;
			projectDirPath = "";
			projectRoot = "";
			targets = (
				AFFF56B72404FA7E00250496 /* HideYello */,
			);
		};
/* End PBXProject section */

/* Begin PBXResourcesBuildPhase section */
		AFFF56B62404FA7E00250496 /* Resources */ = {
			isa = PBXResourcesBuildPhase;
			buildActionMask = 2147483647;
			files = (
				AFFF56E424052D8F00250496 /* goli.jpeg in Resources */,
				AFFF56BE2404FA7E00250496 /* art.scnassets in Resources */,
				AFFF56C82404FA8100250496 /* LaunchScreen.storyboard in Resources */,
				AFFF56C52404FA8100250496 /* Assets.xcassets in Resources */,
				AFFF56C32404FA7E00250496 /* Main.storyboard in Resources */,
			);
			runOnlyForDeploymentPostprocessing = 0;
		};
/* End PBXResourcesBuildPhase section */

/* Begin PBXSourcesBuildPhase section */
		AFFF56B42404FA7E00250496 /* Sources */ = {
			isa = PBXSourcesBuildPhase;
			buildActionMask = 2147483647;
			files = (
				AF2A13D32407A77200221A55 /* GameOverVC.swift in Sources */,
				AFFF56DA2405255800250496 /* LightNode.swift in Sources */,
				AFFF56C02404FA7E00250496 /* GameViewController.swift in Sources */,
				AF4B967824065BF7007CD4A4 /* Coin.swift in Sources */,
				AF5162282408D8670043E999 /* TargetNode.swift in Sources */,
				AFCBA0512406880C000645AD /* ScoreBoard.swift in Sources */,
				AFDF0C85250A288D00E85E9A /* LocalNotificationManager.swift in Sources */,
				AFFF56D82405223500250496 /* CameraNode.swift in Sources */,
				AFDF0C87250A28BB00E85E9A /* UIApplication.swift in Sources */,
				AFFF56D624050C3200250496 /* Ship.swift in Sources */,
				AFFF56D02405035100250496 /* FloorNode.swift in Sources */,
				AFFF56D224050B0900250496 /* GameView.swift in Sources */,
				AFDF0C81250A284C00E85E9A /* MapViewControllerVC.swift in Sources */,
				AFFF56D424050BDB00250496 /* extension.swift in Sources */,
				AFFF56DC2405282000250496 /* Fire.swift in Sources */,
				AFFF56BC2404FA7E00250496 /* AppDelegate.swift in Sources */,
				AFFF56E624054A9300250496 /* BulletNode.swift in Sources */,
				AFDF0C89250A28CC00E85E9A /* Defaults.swift in Sources */,
				AFDF0C83250A285C00E85E9A /* AppDelegat.swift in Sources */,
				AFCBA0532406929F000645AD /* Bomb.swift in Sources */,
				AFDF0C8C250A5F5300E85E9A /* AudioPlayer.swift in Sources */,
			);
			runOnlyForDeploymentPostprocessing = 0;
		};
/* End PBXSourcesBuildPhase section */

/* Begin PBXVariantGroup section */
		AFFF56C12404FA7E00250496 /* Main.storyboard */ = {
			isa = PBXVariantGroup;
			children = (
				AFFF56C22404FA7E00250496 /* Base */,
			);
			name = Main.storyboard;
			sourceTree = "<group>";
		};
		AFFF56C62404FA8100250496 /* LaunchScreen.storyboard */ = {
			isa = PBXVariantGroup;
			children = (
				AFFF56C72404FA8100250496 /* Base */,
			);
			name = LaunchScreen.storyboard;
			sourceTree = "<group>";
		};
/* End PBXVariantGroup section */

/* Begin XCBuildConfiguration section */
		AFFF56CA2404FA8100250496 /* Debug */ = {
			isa = XCBuildConfiguration;
			buildSettings = {
				ALWAYS_SEARCH_USER_PATHS = NO;
				CLANG_ANALYZER_NONNULL = YES;
				CLANG_ANALYZER_NUMBER_OBJECT_CONVERSION = YES_AGGRESSIVE;
				CLANG_CXX_LANGUAGE_STANDARD = "gnu++14";
				CLANG_CXX_LIBRARY = "libc++";
				CLANG_ENABLE_MODULES = YES;
				CLANG_ENABLE_OBJC_ARC = YES;
				CLANG_ENABLE_OBJC_WEAK = YES;
				CLANG_WARN_BLOCK_CAPTURE_AUTORELEASING = YES;
				CLANG_WARN_BOOL_CONVERSION = YES;
				CLANG_WARN_COMMA = YES;
				CLANG_WARN_CONSTANT_CONVERSION = YES;
				CLANG_WARN_DEPRECATED_OBJC_IMPLEMENTATIONS = YES;
				CLANG_WARN_DIRECT_OBJC_ISA_USAGE = YES_ERROR;
				CLANG_WARN_DOCUMENTATION_COMMENTS = YES;
				CLANG_WARN_EMPTY_BODY = YES;
				CLANG_WARN_ENUM_CONVERSION = YES;
				CLANG_WARN_INFINITE_RECURSION = YES;
				CLANG_WARN_INT_CONVERSION = YES;
				CLANG_WARN_NON_LITERAL_NULL_CONVERSION = YES;
				CLANG_WARN_OBJC_IMPLICIT_RETAIN_SELF = YES;
				CLANG_WARN_OBJC_LITERAL_CONVERSION = YES;
				CLANG_WARN_OBJC_ROOT_CLASS = YES_ERROR;
				CLANG_WARN_RANGE_LOOP_ANALYSIS = YES;
				CLANG_WARN_STRICT_PROTOTYPES = YES;
				CLANG_WARN_SUSPICIOUS_MOVE = YES;
				CLANG_WARN_UNGUARDED_AVAILABILITY = YES_AGGRESSIVE;
				CLANG_WARN_UNREACHABLE_CODE = YES;
				CLANG_WARN__DUPLICATE_METHOD_MATCH = YES;
				COPY_PHASE_STRIP = NO;
				DEBUG_INFORMATION_FORMAT = dwarf;
				ENABLE_STRICT_OBJC_MSGSEND = YES;
				ENABLE_TESTABILITY = YES;
				GCC_C_LANGUAGE_STANDARD = gnu11;
				GCC_DYNAMIC_NO_PIC = NO;
				GCC_NO_COMMON_BLOCKS = YES;
				GCC_OPTIMIZATION_LEVEL = 0;
				GCC_PREPROCESSOR_DEFINITIONS = (
					"DEBUG=1",
					"$(inherited)",
				);
				GCC_WARN_64_TO_32_BIT_CONVERSION = YES;
				GCC_WARN_ABOUT_RETURN_TYPE = YES_ERROR;
				GCC_WARN_UNDECLARED_SELECTOR = YES;
				GCC_WARN_UNINITIALIZED_AUTOS = YES_AGGRESSIVE;
				GCC_WARN_UNUSED_FUNCTION = YES;
				GCC_WARN_UNUSED_VARIABLE = YES;
				IPHONEOS_DEPLOYMENT_TARGET = 13.2;
				MTL_ENABLE_DEBUG_INFO = INCLUDE_SOURCE;
				MTL_FAST_MATH = YES;
				ONLY_ACTIVE_ARCH = YES;
				SDKROOT = iphoneos;
				SWIFT_ACTIVE_COMPILATION_CONDITIONS = DEBUG;
				SWIFT_OPTIMIZATION_LEVEL = "-Onone";
			};
			name = Debug;
		};
		AFFF56CB2404FA8100250496 /* Release */ = {
			isa = XCBuildConfiguration;
			buildSettings = {
				ALWAYS_SEARCH_USER_PATHS = NO;
				CLANG_ANALYZER_NONNULL = YES;
				CLANG_ANALYZER_NUMBER_OBJECT_CONVERSION = YES_AGGRESSIVE;
				CLANG_CXX_LANGUAGE_STANDARD = "gnu++14";
				CLANG_CXX_LIBRARY = "libc++";
				CLANG_ENABLE_MODULES = YES;
				CLANG_ENABLE_OBJC_ARC = YES;
				CLANG_ENABLE_OBJC_WEAK = YES;
				CLANG_WARN_BLOCK_CAPTURE_AUTORELEASING = YES;
				CLANG_WARN_BOOL_CONVERSION = YES;
				CLANG_WARN_COMMA = YES;
				CLANG_WARN_CONSTANT_CONVERSION = YES;
				CLANG_WARN_DEPRECATED_OBJC_IMPLEMENTATIONS = YES;
				CLANG_WARN_DIRECT_OBJC_ISA_USAGE = YES_ERROR;
				CLANG_WARN_DOCUMENTATION_COMMENTS = YES;
				CLANG_WARN_EMPTY_BODY = YES;
				CLANG_WARN_ENUM_CONVERSION = YES;
				CLANG_WARN_INFINITE_RECURSION = YES;
				CLANG_WARN_INT_CONVERSION = YES;
				CLANG_WARN_NON_LITERAL_NULL_CONVERSION = YES;
				CLANG_WARN_OBJC_IMPLICIT_RETAIN_SELF = YES;
				CLANG_WARN_OBJC_LITERAL_CONVERSION = YES;
				CLANG_WARN_OBJC_ROOT_CLASS = YES_ERROR;
				CLANG_WARN_RANGE_LOOP_ANALYSIS = YES;
				CLANG_WARN_STRICT_PROTOTYPES = YES;
				CLANG_WARN_SUSPICIOUS_MOVE = YES;
				CLANG_WARN_UNGUARDED_AVAILABILITY = YES_AGGRESSIVE;
				CLANG_WARN_UNREACHABLE_CODE = YES;
				CLANG_WARN__DUPLICATE_METHOD_MATCH = YES;
				COPY_PHASE_STRIP = NO;
				DEBUG_INFORMATION_FORMAT = "dwarf-with-dsym";
				ENABLE_NS_ASSERTIONS = NO;
				ENABLE_STRICT_OBJC_MSGSEND = YES;
				GCC_C_LANGUAGE_STANDARD = gnu11;
				GCC_NO_COMMON_BLOCKS = YES;
				GCC_WARN_64_TO_32_BIT_CONVERSION = YES;
				GCC_WARN_ABOUT_RETURN_TYPE = YES_ERROR;
				GCC_WARN_UNDECLARED_SELECTOR = YES;
				GCC_WARN_UNINITIALIZED_AUTOS = YES_AGGRESSIVE;
				GCC_WARN_UNUSED_FUNCTION = YES;
				GCC_WARN_UNUSED_VARIABLE = YES;
				IPHONEOS_DEPLOYMENT_TARGET = 13.2;
				MTL_ENABLE_DEBUG_INFO = NO;
				MTL_FAST_MATH = YES;
				SDKROOT = iphoneos;
				SWIFT_COMPILATION_MODE = wholemodule;
				SWIFT_OPTIMIZATION_LEVEL = "-O";
				VALIDATE_PRODUCT = YES;
			};
			name = Release;
		};
		AFFF56CD2404FA8100250496 /* Debug */ = {
			isa = XCBuildConfiguration;
			buildSettings = {
				ASSETCATALOG_COMPILER_APPICON_NAME = AppIcon;
				CODE_SIGN_ENTITLEMENTS = HideYello/HideYello.entitlements;
				CODE_SIGN_IDENTITY = "iPhone Developer";
				"CODE_SIGN_IDENTITY[sdk=macosx*]" = "-";
				CODE_SIGN_STYLE = Manual;
				DERIVE_MACCATALYST_PRODUCT_BUNDLE_IDENTIFIER = YES;
				DEVELOPMENT_TEAM = G34KQT9TPD;
				INFOPLIST_FILE = HideYello/Info.plist;
				IPHONEOS_DEPLOYMENT_TARGET = 11.0;
				LD_RUNPATH_SEARCH_PATHS = (
					"$(inherited)",
					"@executable_path/Frameworks",
				);
				PRODUCT_BUNDLE_IDENTIFIER = com.solutionanalysts.HideYello;
				PRODUCT_NAME = "$(TARGET_NAME)";
				PROVISIONING_PROFILE_SPECIFIER = "SA Star";
				"PROVISIONING_PROFILE_SPECIFIER[sdk=macosx*]" = "";
				SUPPORTS_MACCATALYST = YES;
				SWIFT_VERSION = 5.0;
				TARGETED_DEVICE_FAMILY = "1,2";
			};
			name = Debug;
		};
		AFFF56CE2404FA8100250496 /* Release */ = {
			isa = XCBuildConfiguration;
			buildSettings = {
				ASSETCATALOG_COMPILER_APPICON_NAME = AppIcon;
				CODE_SIGN_ENTITLEMENTS = HideYello/HideYello.entitlements;
				CODE_SIGN_IDENTITY = "iPhone Developer";
				"CODE_SIGN_IDENTITY[sdk=macosx*]" = "-";
				CODE_SIGN_STYLE = Manual;
				DERIVE_MACCATALYST_PRODUCT_BUNDLE_IDENTIFIER = YES;
				DEVELOPMENT_TEAM = G34KQT9TPD;
				INFOPLIST_FILE = HideYello/Info.plist;
				IPHONEOS_DEPLOYMENT_TARGET = 11.0;
				LD_RUNPATH_SEARCH_PATHS = (
					"$(inherited)",
					"@executable_path/Frameworks",
				);
				PRODUCT_BUNDLE_IDENTIFIER = com.solutionanalysts.HideYello;
				PRODUCT_NAME = "$(TARGET_NAME)";
				PROVISIONING_PROFILE_SPECIFIER = "SA Star";
				"PROVISIONING_PROFILE_SPECIFIER[sdk=macosx*]" = "";
				SUPPORTS_MACCATALYST = YES;
				SWIFT_VERSION = 5.0;
				TARGETED_DEVICE_FAMILY = "1,2";
			};
			name = Release;
		};
/* End XCBuildConfiguration section */

/* Begin XCConfigurationList section */
		AFFF56B32404FA7E00250496 /* Build configuration list for PBXProject "HideYello" */ = {
			isa = XCConfigurationList;
			buildConfigurations = (
				AFFF56CA2404FA8100250496 /* Debug */,
				AFFF56CB2404FA8100250496 /* Release */,
			);
			defaultConfigurationIsVisible = 0;
			defaultConfigurationName = Release;
		};
		AFFF56CC2404FA8100250496 /* Build configuration list for PBXNativeTarget "HideYello" */ = {
			isa = XCConfigurationList;
			buildConfigurations = (
				AFFF56CD2404FA8100250496 /* Debug */,
				AFFF56CE2404FA8100250496 /* Release */,
			);
			defaultConfigurationIsVisible = 0;
			defaultConfigurationName = Release;
		};
/* End XCConfigurationList section */
	};
	rootObject = AFFF56B02404FA7E00250496 /* Project object */;
}
